// !$*UTF8*$!
{
	archiveVersion = 1;
	classes = {
	};
	objectVersion = 56;
	objects = {

/* Begin PBXBuildFile section */
		6655E7652B6B5369006C32A0 /* AppDelegate.swift in Sources */ = {isa = PBXBuildFile; fileRef = 6655E7642B6B5369006C32A0 /* AppDelegate.swift */; };
		6655E7672B6B5369006C32A0 /* SceneDelegate.swift in Sources */ = {isa = PBXBuildFile; fileRef = 6655E7662B6B5369006C32A0 /* SceneDelegate.swift */; };
		6655E7692B6B5369006C32A0 /* ViewController.swift in Sources */ = {isa = PBXBuildFile; fileRef = 6655E7682B6B5369006C32A0 /* ViewController.swift */; };
		6655E76C2B6B5369006C32A0 /* Main.storyboard in Resources */ = {isa = PBXBuildFile; fileRef = 6655E76A2B6B5369006C32A0 /* Main.storyboard */; };
		6655E76E2B6B536A006C32A0 /* Assets.xcassets in Resources */ = {isa = PBXBuildFile; fileRef = 6655E76D2B6B536A006C32A0 /* Assets.xcassets */; };
		6655E7712B6B536A006C32A0 /* LaunchScreen.storyboard in Resources */ = {isa = PBXBuildFile; fileRef = 6655E76F2B6B536A006C32A0 /* LaunchScreen.storyboard */; };
		6655E7882B6B53D2006C32A0 /* FakeStubMockData.swift in Sources */ = {isa = PBXBuildFile; fileRef = 6655E7872B6B53D2006C32A0 /* FakeStubMockData.swift */; };
		669FC2EC2B6BFFD40049BAC4 /* FakeStubMockLabTests.swift in Sources */ = {isa = PBXBuildFile; fileRef = 669FC2EB2B6BFFD40049BAC4 /* FakeStubMockLabTests.swift */; };
/* End PBXBuildFile section */

/* Begin PBXContainerItemProxy section */
		669FC2ED2B6BFFD40049BAC4 /* PBXContainerItemProxy */ = {
			isa = PBXContainerItemProxy;
			containerPortal = 6655E7592B6B5369006C32A0 /* Project object */;
			proxyType = 1;
			remoteGlobalIDString = 6655E7602B6B5369006C32A0;
			remoteInfo = FakeStubMockLab;
		};
/* End PBXContainerItemProxy section */

/* Begin PBXFileReference section */
		6655E7612B6B5369006C32A0 /* FakeStubMockLab.app */ = {isa = PBXFileReference; explicitFileType = wrapper.application; includeInIndex = 0; path = FakeStubMockLab.app; sourceTree = BUILT_PRODUCTS_DIR; };
		6655E7642B6B5369006C32A0 /* AppDelegate.swift */ = {isa = PBXFileReference; lastKnownFileType = sourcecode.swift; path = AppDelegate.swift; sourceTree = "<group>"; };
		6655E7662B6B5369006C32A0 /* SceneDelegate.swift */ = {isa = PBXFileReference; lastKnownFileType = sourcecode.swift; path = SceneDelegate.swift; sourceTree = "<group>"; };
		6655E7682B6B5369006C32A0 /* ViewController.swift */ = {isa = PBXFileReference; lastKnownFileType = sourcecode.swift; path = ViewController.swift; sourceTree = "<group>"; };
		6655E76B2B6B5369006C32A0 /* Base */ = {isa = PBXFileReference; lastKnownFileType = file.storyboard; name = Base; path = Base.lproj/Main.storyboard; sourceTree = "<group>"; };
		6655E76D2B6B536A006C32A0 /* Assets.xcassets */ = {isa = PBXFileReference; lastKnownFileType = folder.assetcatalog; path = Assets.xcassets; sourceTree = "<group>"; };
		6655E7702B6B536A006C32A0 /* Base */ = {isa = PBXFileReference; lastKnownFileType = file.storyboard; name = Base; path = Base.lproj/LaunchScreen.storyboard; sourceTree = "<group>"; };
		6655E7722B6B536A006C32A0 /* Info.plist */ = {isa = PBXFileReference; lastKnownFileType = text.plist.xml; path = Info.plist; sourceTree = "<group>"; };
		6655E7872B6B53D2006C32A0 /* FakeStubMockData.swift */ = {isa = PBXFileReference; lastKnownFileType = sourcecode.swift; path = FakeStubMockData.swift; sourceTree = "<group>"; };
		669FC2E92B6BFFD40049BAC4 /* FakeStubMockLabTests.xctest */ = {isa = PBXFileReference; explicitFileType = wrapper.cfbundle; includeInIndex = 0; path = FakeStubMockLabTests.xctest; sourceTree = BUILT_PRODUCTS_DIR; };
		669FC2EB2B6BFFD40049BAC4 /* FakeStubMockLabTests.swift */ = {isa = PBXFileReference; lastKnownFileType = sourcecode.swift; path = FakeStubMockLabTests.swift; sourceTree = "<group>"; };
/* End PBXFileReference section */

/* Begin PBXFrameworksBuildPhase section */
		6655E75E2B6B5369006C32A0 /* Frameworks */ = {
			isa = PBXFrameworksBuildPhase;
			buildActionMask = 2147483647;
			files = (
			);
			runOnlyForDeploymentPostprocessing = 0;
		};
		669FC2E62B6BFFD40049BAC4 /* Frameworks */ = {
			isa = PBXFrameworksBuildPhase;
			buildActionMask = 2147483647;
			files = (
			);
			runOnlyForDeploymentPostprocessing = 0;
		};
/* End PBXFrameworksBuildPhase section */

/* Begin PBXGroup section */
		6655E7582B6B5369006C32A0 = {
			isa = PBXGroup;
			children = (
				6655E7632B6B5369006C32A0 /* FakeStubMockLab */,
				669FC2EA2B6BFFD40049BAC4 /* FakeStubMockLabTests */,
				6655E7622B6B5369006C32A0 /* Products */,
			);
			sourceTree = "<group>";
		};
		6655E7622B6B5369006C32A0 /* Products */ = {
			isa = PBXGroup;
			children = (
				6655E7612B6B5369006C32A0 /* FakeStubMockLab.app */,
				669FC2E92B6BFFD40049BAC4 /* FakeStubMockLabTests.xctest */,
			);
			name = Products;
			sourceTree = "<group>";
		};
		6655E7632B6B5369006C32A0 /* FakeStubMockLab */ = {
			isa = PBXGroup;
			children = (
				6655E7642B6B5369006C32A0 /* AppDelegate.swift */,
				6655E7662B6B5369006C32A0 /* SceneDelegate.swift */,
				6655E7682B6B5369006C32A0 /* ViewController.swift */,
				6655E7872B6B53D2006C32A0 /* FakeStubMockData.swift */,
				6655E76A2B6B5369006C32A0 /* Main.storyboard */,
				6655E76D2B6B536A006C32A0 /* Assets.xcassets */,
				6655E76F2B6B536A006C32A0 /* LaunchScreen.storyboard */,
				6655E7722B6B536A006C32A0 /* Info.plist */,
			);
			path = FakeStubMockLab;
			sourceTree = "<group>";
		};
		669FC2EA2B6BFFD40049BAC4 /* FakeStubMockLabTests */ = {
			isa = PBXGroup;
			children = (
				669FC2EB2B6BFFD40049BAC4 /* FakeStubMockLabTests.swift */,
			);
			path = FakeStubMockLabTests;
			sourceTree = "<group>";
		};
/* End PBXGroup section */

/* Begin PBXNativeTarget section */
		6655E7602B6B5369006C32A0 /* FakeStubMockLab */ = {
			isa = PBXNativeTarget;
			buildConfigurationList = 6655E7752B6B536A006C32A0 /* Build configuration list for PBXNativeTarget "FakeStubMockLab" */;
			buildPhases = (
				6655E75D2B6B5369006C32A0 /* Sources */,
				6655E75E2B6B5369006C32A0 /* Frameworks */,
				6655E75F2B6B5369006C32A0 /* Resources */,
			);
			buildRules = (
			);
			dependencies = (
			);
			name = FakeStubMockLab;
			productName = FakeStubMockLab;
			productReference = 6655E7612B6B5369006C32A0 /* FakeStubMockLab.app */;
			productType = "com.apple.product-type.application";
		};
		669FC2E82B6BFFD40049BAC4 /* FakeStubMockLabTests */ = {
			isa = PBXNativeTarget;
			buildConfigurationList = 669FC2EF2B6BFFD40049BAC4 /* Build configuration list for PBXNativeTarget "FakeStubMockLabTests" */;
			buildPhases = (
				669FC2E52B6BFFD40049BAC4 /* Sources */,
				669FC2E62B6BFFD40049BAC4 /* Frameworks */,
				669FC2E72B6BFFD40049BAC4 /* Resources */,
			);
			buildRules = (
			);
			dependencies = (
				669FC2EE2B6BFFD40049BAC4 /* PBXTargetDependency */,
			);
			name = FakeStubMockLabTests;
			productName = FakeStubMockLabTests;
			productReference = 669FC2E92B6BFFD40049BAC4 /* FakeStubMockLabTests.xctest */;
			productType = "com.apple.product-type.bundle.unit-test";
		};
/* End PBXNativeTarget section */

/* Begin PBXProject section */
		6655E7592B6B5369006C32A0 /* Project object */ = {
			isa = PBXProject;
			attributes = {
				BuildIndependentTargetsInParallel = 1;
				LastSwiftUpdateCheck = 1500;
				LastUpgradeCheck = 1500;
				TargetAttributes = {
					6655E7602B6B5369006C32A0 = {
						CreatedOnToolsVersion = 15.0;
					};
					669FC2E82B6BFFD40049BAC4 = {
						CreatedOnToolsVersion = 15.0;
						TestTargetID = 6655E7602B6B5369006C32A0;
					};
				};
			};
			buildConfigurationList = 6655E75C2B6B5369006C32A0 /* Build configuration list for PBXProject "FakeStubMockLab" */;
			compatibilityVersion = "Xcode 14.0";
			developmentRegion = en;
			hasScannedForEncodings = 0;
			knownRegions = (
				en,
				Base,
			);
			mainGroup = 6655E7582B6B5369006C32A0;
			productRefGroup = 6655E7622B6B5369006C32A0 /* Products */;
			projectDirPath = "";
			projectRoot = "";
			targets = (
				6655E7602B6B5369006C32A0 /* FakeStubMockLab */,
				669FC2E82B6BFFD40049BAC4 /* FakeStubMockLabTests */,
			);
		};
/* End PBXProject section */

/* Begin PBXResourcesBuildPhase section */
		6655E75F2B6B5369006C32A0 /* Resources */ = {
			isa = PBXResourcesBuildPhase;
			buildActionMask = 2147483647;
			files = (
				6655E7712B6B536A006C32A0 /* LaunchScreen.storyboard in Resources */,
				6655E76E2B6B536A006C32A0 /* Assets.xcassets in Resources */,
				6655E76C2B6B5369006C32A0 /* Main.storyboard in Resources */,
			);
			runOnlyForDeploymentPostprocessing = 0;
		};
		669FC2E72B6BFFD40049BAC4 /* Resources */ = {
			isa = PBXResourcesBuildPhase;
			buildActionMask = 2147483647;
			files = (
			);
			runOnlyForDeploymentPostprocessing = 0;
		};
/* End PBXResourcesBuildPhase section */

/* Begin PBXSourcesBuildPhase section */
		6655E75D2B6B5369006C32A0 /* Sources */ = {
			isa = PBXSourcesBuildPhase;
			buildActionMask = 2147483647;
			files = (
				6655E7692B6B5369006C32A0 /* ViewController.swift in Sources */,
				6655E7652B6B5369006C32A0 /* AppDelegate.swift in Sources */,
				6655E7882B6B53D2006C32A0 /* FakeStubMockData.swift in Sources */,
				6655E7672B6B5369006C32A0 /* SceneDelegate.swift in Sources */,
			);
			runOnlyForDeploymentPostprocessing = 0;
		};
		669FC2E52B6BFFD40049BAC4 /* Sources */ = {
			isa = PBXSourcesBuildPhase;
			buildActionMask = 2147483647;
			files = (
				669FC2EC2B6BFFD40049BAC4 /* FakeStubMockLabTests.swift in Sources */,
			);
			runOnlyForDeploymentPostprocessing = 0;
		};
/* End PBXSourcesBuildPhase section */

/* Begin PBXTargetDependency section */
		669FC2EE2B6BFFD40049BAC4 /* PBXTargetDependency */ = {
			isa = PBXTargetDependency;
			target = 6655E7602B6B5369006C32A0 /* FakeStubMockLab */;
			targetProxy = 669FC2ED2B6BFFD40049BAC4 /* PBXContainerItemProxy */;
		};
/* End PBXTargetDependency section */

/* Begin PBXVariantGroup section */
		6655E76A2B6B5369006C32A0 /* Main.storyboard */ = {
			isa = PBXVariantGroup;
			children = (
				6655E76B2B6B5369006C32A0 /* Base */,
			);
			name = Main.storyboard;
			sourceTree = "<group>";
		};
		6655E76F2B6B536A006C32A0 /* LaunchScreen.storyboard */ = {
			isa = PBXVariantGroup;
			children = (
				6655E7702B6B536A006C32A0 /* Base */,
			);
			name = LaunchScreen.storyboard;
			sourceTree = "<group>";
		};
/* End PBXVariantGroup section */

/* Begin XCBuildConfiguration section */
		6655E7732B6B536A006C32A0 /* Debug */ = {
			isa = XCBuildConfiguration;
			buildSettings = {
				ALWAYS_SEARCH_USER_PATHS = NO;
				ASSETCATALOG_COMPILER_GENERATE_SWIFT_ASSET_SYMBOL_EXTENSIONS = YES;
				CLANG_ANALYZER_NONNULL = YES;
				CLANG_ANALYZER_NUMBER_OBJECT_CONVERSION = YES_AGGRESSIVE;
				CLANG_CXX_LANGUAGE_STANDARD = "gnu++20";
				CLANG_ENABLE_MODULES = YES;
				CLANG_ENABLE_OBJC_ARC = YES;
				CLANG_ENABLE_OBJC_WEAK = YES;
				CLANG_WARN_BLOCK_CAPTURE_AUTORELEASING = YES;
				CLANG_WARN_BOOL_CONVERSION = YES;
				CLANG_WARN_COMMA = YES;
				CLANG_WARN_CONSTANT_CONVERSION = YES;
				CLANG_WARN_DEPRECATED_OBJC_IMPLEMENTATIONS = YES;
				CLANG_WARN_DIRECT_OBJC_ISA_USAGE = YES_ERROR;
				CLANG_WARN_DOCUMENTATION_COMMENTS = YES;
				CLANG_WARN_EMPTY_BODY = YES;
				CLANG_WARN_ENUM_CONVERSION = YES;
				CLANG_WARN_INFINITE_RECURSION = YES;
				CLANG_WARN_INT_CONVERSION = YES;
				CLANG_WARN_NON_LITERAL_NULL_CONVERSION = YES;
				CLANG_WARN_OBJC_IMPLICIT_RETAIN_SELF = YES;
				CLANG_WARN_OBJC_LITERAL_CONVERSION = YES;
				CLANG_WARN_OBJC_ROOT_CLASS = YES_ERROR;
				CLANG_WARN_QUOTED_INCLUDE_IN_FRAMEWORK_HEADER = YES;
				CLANG_WARN_RANGE_LOOP_ANALYSIS = YES;
				CLANG_WARN_STRICT_PROTOTYPES = YES;
				CLANG_WARN_SUSPICIOUS_MOVE = YES;
				CLANG_WARN_UNGUARDED_AVAILABILITY = YES_AGGRESSIVE;
				CLANG_WARN_UNREACHABLE_CODE = YES;
				CLANG_WARN__DUPLICATE_METHOD_MATCH = YES;
				COPY_PHASE_STRIP = NO;
				DEBUG_INFORMATION_FORMAT = dwarf;
				ENABLE_STRICT_OBJC_MSGSEND = YES;
				ENABLE_TESTABILITY = YES;
				ENABLE_USER_SCRIPT_SANDBOXING = YES;
				GCC_C_LANGUAGE_STANDARD = gnu17;
				GCC_DYNAMIC_NO_PIC = NO;
				GCC_NO_COMMON_BLOCKS = YES;
				GCC_OPTIMIZATION_LEVEL = 0;
				GCC_PREPROCESSOR_DEFINITIONS = (
					"DEBUG=1",
					"$(inherited)",
				);
				GCC_WARN_64_TO_32_BIT_CONVERSION = YES;
				GCC_WARN_ABOUT_RETURN_TYPE = YES_ERROR;
				GCC_WARN_UNDECLARED_SELECTOR = YES;
				GCC_WARN_UNINITIALIZED_AUTOS = YES_AGGRESSIVE;
				GCC_WARN_UNUSED_FUNCTION = YES;
				GCC_WARN_UNUSED_VARIABLE = YES;
				IPHONEOS_DEPLOYMENT_TARGET = 17.0;
				LOCALIZATION_PREFERS_STRING_CATALOGS = YES;
				MTL_ENABLE_DEBUG_INFO = INCLUDE_SOURCE;
				MTL_FAST_MATH = YES;
				ONLY_ACTIVE_ARCH = YES;
				SDKROOT = iphoneos;
				SWIFT_ACTIVE_COMPILATION_CONDITIONS = "DEBUG $(inherited)";
				SWIFT_OPTIMIZATION_LEVEL = "-Onone";
			};
			name = Debug;
		};
		6655E7742B6B536A006C32A0 /* Release */ = {
			isa = XCBuildConfiguration;
			buildSettings = {
				ALWAYS_SEARCH_USER_PATHS = NO;
				ASSETCATALOG_COMPILER_GENERATE_SWIFT_ASSET_SYMBOL_EXTENSIONS = YES;
				CLANG_ANALYZER_NONNULL = YES;
				CLANG_ANALYZER_NUMBER_OBJECT_CONVERSION = YES_AGGRESSIVE;
				CLANG_CXX_LANGUAGE_STANDARD = "gnu++20";
				CLANG_ENABLE_MODULES = YES;
				CLANG_ENABLE_OBJC_ARC = YES;
				CLANG_ENABLE_OBJC_WEAK = YES;
				CLANG_WARN_BLOCK_CAPTURE_AUTORELEASING = YES;
				CLANG_WARN_BOOL_CONVERSION = YES;
				CLANG_WARN_COMMA = YES;
				CLANG_WARN_CONSTANT_CONVERSION = YES;
				CLANG_WARN_DEPRECATED_OBJC_IMPLEMENTATIONS = YES;
				CLANG_WARN_DIRECT_OBJC_ISA_USAGE = YES_ERROR;
				CLANG_WARN_DOCUMENTATION_COMMENTS = YES;
				CLANG_WARN_EMPTY_BODY = YES;
				CLANG_WARN_ENUM_CONVERSION = YES;
				CLANG_WARN_INFINITE_RECURSION = YES;
				CLANG_WARN_INT_CONVERSION = YES;
				CLANG_WARN_NON_LITERAL_NULL_CONVERSION = YES;
				CLANG_WARN_OBJC_IMPLICIT_RETAIN_SELF = YES;
				CLANG_WARN_OBJC_LITERAL_CONVERSION = YES;
				CLANG_WARN_OBJC_ROOT_CLASS = YES_ERROR;
				CLANG_WARN_QUOTED_INCLUDE_IN_FRAMEWORK_HEADER = YES;
				CLANG_WARN_RANGE_LOOP_ANALYSIS = YES;
				CLANG_WARN_STRICT_PROTOTYPES = YES;
				CLANG_WARN_SUSPICIOUS_MOVE = YES;
				CLANG_WARN_UNGUARDED_AVAILABILITY = YES_AGGRESSIVE;
				CLANG_WARN_UNREACHABLE_CODE = YES;
				CLANG_WARN__DUPLICATE_METHOD_MATCH = YES;
				COPY_PHASE_STRIP = NO;
				DEBUG_INFORMATION_FORMAT = "dwarf-with-dsym";
				ENABLE_NS_ASSERTIONS = NO;
				ENABLE_STRICT_OBJC_MSGSEND = YES;
				ENABLE_USER_SCRIPT_SANDBOXING = YES;
				GCC_C_LANGUAGE_STANDARD = gnu17;
				GCC_NO_COMMON_BLOCKS = YES;
				GCC_WARN_64_TO_32_BIT_CONVERSION = YES;
				GCC_WARN_ABOUT_RETURN_TYPE = YES_ERROR;
				GCC_WARN_UNDECLARED_SELECTOR = YES;
				GCC_WARN_UNINITIALIZED_AUTOS = YES_AGGRESSIVE;
				GCC_WARN_UNUSED_FUNCTION = YES;
				GCC_WARN_UNUSED_VARIABLE = YES;
				IPHONEOS_DEPLOYMENT_TARGET = 17.0;
				LOCALIZATION_PREFERS_STRING_CATALOGS = YES;
				MTL_ENABLE_DEBUG_INFO = NO;
				MTL_FAST_MATH = YES;
				SDKROOT = iphoneos;
				SWIFT_COMPILATION_MODE = wholemodule;
				VALIDATE_PRODUCT = YES;
			};
			name = Release;
		};
		6655E7762B6B536A006C32A0 /* Debug */ = {
			isa = XCBuildConfiguration;
			buildSettings = {
				ASSETCATALOG_COMPILER_APPICON_NAME = AppIcon;
				ASSETCATALOG_COMPILER_GLOBAL_ACCENT_COLOR_NAME = AccentColor;
				CODE_SIGN_STYLE = Automatic;
				CURRENT_PROJECT_VERSION = 1;
				DEVELOPMENT_TEAM = A4NXCZ3P29;
				GENERATE_INFOPLIST_FILE = YES;
				INFOPLIST_FILE = FakeStubMockLab/Info.plist;
				INFOPLIST_KEY_UIApplicationSupportsIndirectInputEvents = YES;
				INFOPLIST_KEY_UILaunchStoryboardName = LaunchScreen;
				INFOPLIST_KEY_UIMainStoryboardFile = Main;
				INFOPLIST_KEY_UISupportedInterfaceOrientations_iPad = "UIInterfaceOrientationPortrait UIInterfaceOrientationPortraitUpsideDown UIInterfaceOrientationLandscapeLeft UIInterfaceOrientationLandscapeRight";
				INFOPLIST_KEY_UISupportedInterfaceOrientations_iPhone = "UIInterfaceOrientationPortrait UIInterfaceOrientationLandscapeLeft UIInterfaceOrientationLandscapeRight";
				LD_RUNPATH_SEARCH_PATHS = (
					"$(inherited)",
					"@executable_path/Frameworks",
				);
				MARKETING_VERSION = 1.0;
				PRODUCT_BUNDLE_IDENTIFIER = meganSchmoyer.FakeStubMockLab;
				PRODUCT_NAME = "$(TARGET_NAME)";
				SWIFT_EMIT_LOC_STRINGS = YES;
				SWIFT_VERSION = 5.0;
				TARGETED_DEVICE_FAMILY = "1,2";
			};
			name = Debug;
		};
		6655E7772B6B536A006C32A0 /* Release */ = {
			isa = XCBuildConfiguration;
			buildSettings = {
				ASSETCATALOG_COMPILER_APPICON_NAME = AppIcon;
				ASSETCATALOG_COMPILER_GLOBAL_ACCENT_COLOR_NAME = AccentColor;
				CODE_SIGN_STYLE = Automatic;
				CURRENT_PROJECT_VERSION = 1;
				DEVELOPMENT_TEAM = A4NXCZ3P29;
				GENERATE_INFOPLIST_FILE = YES;
				INFOPLIST_FILE = FakeStubMockLab/Info.plist;
				INFOPLIST_KEY_UIApplicationSupportsIndirectInputEvents = YES;
				INFOPLIST_KEY_UILaunchStoryboardName = LaunchScreen;
				INFOPLIST_KEY_UIMainStoryboardFile = Main;
				INFOPLIST_KEY_UISupportedInterfaceOrientations_iPad = "UIInterfaceOrientationPortrait UIInterfaceOrientationPortraitUpsideDown UIInterfaceOrientationLandscapeLeft UIInterfaceOrientationLandscapeRight";
				INFOPLIST_KEY_UISupportedInterfaceOrientations_iPhone = "UIInterfaceOrientationPortrait UIInterfaceOrientationLandscapeLeft UIInterfaceOrientationLandscapeRight";
				LD_RUNPATH_SEARCH_PATHS = (
					"$(inherited)",
					"@executable_path/Frameworks",
				);
				MARKETING_VERSION = 1.0;
				PRODUCT_BUNDLE_IDENTIFIER = meganSchmoyer.FakeStubMockLab;
				PRODUCT_NAME = "$(TARGET_NAME)";
				SWIFT_EMIT_LOC_STRINGS = YES;
				SWIFT_VERSION = 5.0;
				TARGETED_DEVICE_FAMILY = "1,2";
			};
			name = Release;
		};
		669FC2F02B6BFFD40049BAC4 /* Debug */ = {
			isa = XCBuildConfiguration;
			buildSettings = {
				BUNDLE_LOADER = "$(TEST_HOST)";
				CODE_SIGN_STYLE = Automatic;
				CURRENT_PROJECT_VERSION = 1;
				DEVELOPMENT_TEAM = A4NXCZ3P29;
				GENERATE_INFOPLIST_FILE = YES;
				MARKETING_VERSION = 1.0;
				PRODUCT_BUNDLE_IDENTIFIER = meganSchmoyer.FakeStubMockLabTests;
				PRODUCT_NAME = "$(TARGET_NAME)";
				SWIFT_EMIT_LOC_STRINGS = NO;
				SWIFT_VERSION = 5.0;
				TARGETED_DEVICE_FAMILY = "1,2";
				TEST_HOST = "$(BUILT_PRODUCTS_DIR)/FakeStubMockLab.app/$(BUNDLE_EXECUTABLE_FOLDER_PATH)/FakeStubMockLab";
			};
			name = Debug;
		};
		669FC2F12B6BFFD40049BAC4 /* Release */ = {
			isa = XCBuildConfiguration;
			buildSettings = {
				BUNDLE_LOADER = "$(TEST_HOST)";
				CODE_SIGN_STYLE = Automatic;
				CURRENT_PROJECT_VERSION = 1;
				DEVELOPMENT_TEAM = A4NXCZ3P29;
				GENERATE_INFOPLIST_FILE = YES;
				MARKETING_VERSION = 1.0;
				PRODUCT_BUNDLE_IDENTIFIER = meganSchmoyer.FakeStubMockLabTests;
				PRODUCT_NAME = "$(TARGET_NAME)";
				SWIFT_EMIT_LOC_STRINGS = NO;
				SWIFT_VERSION = 5.0;
				TARGETED_DEVICE_FAMILY = "1,2";
				TEST_HOST = "$(BUILT_PRODUCTS_DIR)/FakeStubMockLab.app/$(BUNDLE_EXECUTABLE_FOLDER_PATH)/FakeStubMockLab";
			};
			name = Release;
		};
/* End XCBuildConfiguration section */

/* Begin XCConfigurationList section */
		6655E75C2B6B5369006C32A0 /* Build configuration list for PBXProject "FakeStubMockLab" */ = {
			isa = XCConfigurationList;
			buildConfigurations = (
				6655E7732B6B536A006C32A0 /* Debug */,
				6655E7742B6B536A006C32A0 /* Release */,
			);
			defaultConfigurationIsVisible = 0;
			defaultConfigurationName = Release;
		};
		6655E7752B6B536A006C32A0 /* Build configuration list for PBXNativeTarget "FakeStubMockLab" */ = {
			isa = XCConfigurationList;
			buildConfigurations = (
				6655E7762B6B536A006C32A0 /* Debug */,
				6655E7772B6B536A006C32A0 /* Release */,
			);
			defaultConfigurationIsVisible = 0;
			defaultConfigurationName = Release;
		};
		669FC2EF2B6BFFD40049BAC4 /* Build configuration list for PBXNativeTarget "FakeStubMockLabTests" */ = {
			isa = XCConfigurationList;
			buildConfigurations = (
				669FC2F02B6BFFD40049BAC4 /* Debug */,
				669FC2F12B6BFFD40049BAC4 /* Release */,
			);
			defaultConfigurationIsVisible = 0;
			defaultConfigurationName = Release;
		};
/* End XCConfigurationList section */
	};
	rootObject = 6655E7592B6B5369006C32A0 /* Project object */;
}
